{
  "pins" : [
    {
      "identity" : "avfoundationbackport-ios17",
      "kind" : "remoteSourceControl",
      "location" : "https://github.com/noppefoxwolf/AVFoundationBackport-iOS17",
      "state" : {
        "revision" : "c97d4d8660277acb00e9509eb559e9a008362fa0",
        "version" : "0.0.1"
      }
    }
  ],
  "version" : 2
}
